
Microsoft Visual Studio Solution File, Format Version 12.00
# Visual Studio Version 16
VisualStudioVersion = 16.0.30011.22
MinimumVisualStudioVersion = 10.0.40219.1
Project("{9A19103F-16F7-4668-BE54-9A1E7A4F7556}") = "DeliverySave", "DeliverySave.csproj", "{D6F770BB-2EE1-4798-A31B-13D0EE3F8025}"
EndProject
Global
	GlobalSection(SolutionConfigurationPlatforms) = preSolution
		Debug|Any CPU = Debug|Any CPU
		Release|Any CPU = Release|Any CPU
	EndGlobalSection
	GlobalSection(ProjectConfigurationPlatforms) = postSolution
		{D6F770BB-2EE1-4798-A31B-13D0EE3F8025}.Debug|Any CPU.ActiveCfg = Debug|Any CPU
		{D6F770BB-2EE1-4798-A31B-13D0EE3F8025}.Debug|Any CPU.Build.0 = Debug|Any CPU
		{D6F770BB-2EE1-4798-A31B-13D0EE3F8025}.Release|Any CPU.ActiveCfg = Release|Any CPU
		{D6F770BB-2EE1-4798-A31B-13D0EE3F8025}.Release|Any CPU.Build.0 = Release|Any CPU
	EndGlobalSection
	GlobalSection(SolutionProperties) = preSolution
		HideSolutionNode = FALSE
	EndGlobalSection
	GlobalSection(ExtensibilityGlobals) = postSolution
		SolutionGuid = {BE703BE0-8A5B-4814-922B-39176FBD39BE}
	EndGlobalSection
EndGlobal
